// !$*UTF8*$!
{
	archiveVersion = 1;
	classes = {
	};
	objectVersion = 55;
	objects = {

/* Begin PBXBuildFile section */
		1D6D843B29130563006FAA82 /* AppDelegate.swift in Sources */ = {isa = PBXBuildFile; fileRef = 1D6D843A29130563006FAA82 /* AppDelegate.swift */; };
		1D6D843D29130563006FAA82 /* SceneDelegate.swift in Sources */ = {isa = PBXBuildFile; fileRef = 1D6D843C29130563006FAA82 /* SceneDelegate.swift */; };
		1D6D844029130563006FAA82 /* LaunchScreen.storyboard in Resources */ = {isa = PBXBuildFile; fileRef = 1D6D843E29130563006FAA82 /* LaunchScreen.storyboard */; };
		1D6D844329130563006FAA82 /* Main.storyboard in Resources */ = {isa = PBXBuildFile; fileRef = 1D6D844129130563006FAA82 /* Main.storyboard */; };
		1D6D844C29130563006FAA82 /* AppDelegate.swift in Sources */ = {isa = PBXBuildFile; fileRef = 1D6D844B29130563006FAA82 /* AppDelegate.swift */; };
		1D6D844F29130563006FAA82 /* Main.storyboard in Resources */ = {isa = PBXBuildFile; fileRef = 1D6D844D29130563006FAA82 /* Main.storyboard */; };
		1D6D845729130563006FAA82 /* Joplin Web Clipper Extension.appex in Embed App Extensions */ = {isa = PBXBuildFile; fileRef = 1D6D845629130563006FAA82 /* Joplin Web Clipper Extension.appex */; settings = {ATTRIBUTES = (RemoveHeadersOnCopy, ); }; };
		1D6D846129130563006FAA82 /* Joplin Web Clipper Extension.appex in Embed App Extensions */ = {isa = PBXBuildFile; fileRef = 1D6D846029130563006FAA82 /* Joplin Web Clipper Extension.appex */; settings = {ATTRIBUTES = (RemoveHeadersOnCopy, ); }; };
		1D6D846729130563006FAA82 /* Main.html in Resources */ = {isa = PBXBuildFile; fileRef = 1D6D842A2913055F006FAA82 /* Main.html */; };
		1D6D846829130563006FAA82 /* Main.html in Resources */ = {isa = PBXBuildFile; fileRef = 1D6D842A2913055F006FAA82 /* Main.html */; };
		1D6D846929130563006FAA82 /* Icon.png in Resources */ = {isa = PBXBuildFile; fileRef = 1D6D842C2913055F006FAA82 /* Icon.png */; };
		1D6D846A29130563006FAA82 /* Icon.png in Resources */ = {isa = PBXBuildFile; fileRef = 1D6D842C2913055F006FAA82 /* Icon.png */; };
		1D6D846B29130563006FAA82 /* Style.css in Resources */ = {isa = PBXBuildFile; fileRef = 1D6D842D2913055F006FAA82 /* Style.css */; };
		1D6D846C29130563006FAA82 /* Style.css in Resources */ = {isa = PBXBuildFile; fileRef = 1D6D842D2913055F006FAA82 /* Style.css */; };
		1D6D846D29130563006FAA82 /* Script.js in Resources */ = {isa = PBXBuildFile; fileRef = 1D6D842E2913055F006FAA82 /* Script.js */; };
		1D6D846E29130563006FAA82 /* Script.js in Resources */ = {isa = PBXBuildFile; fileRef = 1D6D842E2913055F006FAA82 /* Script.js */; };
		1D6D846F29130563006FAA82 /* ViewController.swift in Sources */ = {isa = PBXBuildFile; fileRef = 1D6D842F2913055F006FAA82 /* ViewController.swift */; };
		1D6D847029130563006FAA82 /* ViewController.swift in Sources */ = {isa = PBXBuildFile; fileRef = 1D6D842F2913055F006FAA82 /* ViewController.swift */; };
		1D6D847129130563006FAA82 /* Assets.xcassets in Resources */ = {isa = PBXBuildFile; fileRef = 1D6D843029130563006FAA82 /* Assets.xcassets */; };
		1D6D847229130563006FAA82 /* Assets.xcassets in Resources */ = {isa = PBXBuildFile; fileRef = 1D6D843029130563006FAA82 /* Assets.xcassets */; };
		1D6D847329130563006FAA82 /* SafariWebExtensionHandler.swift in Sources */ = {isa = PBXBuildFile; fileRef = 1D6D843229130563006FAA82 /* SafariWebExtensionHandler.swift */; };
		1D6D847429130563006FAA82 /* SafariWebExtensionHandler.swift in Sources */ = {isa = PBXBuildFile; fileRef = 1D6D843229130563006FAA82 /* SafariWebExtensionHandler.swift */; };
		1D6D848C29130564006FAA82 /* popup in Resources */ = {isa = PBXBuildFile; fileRef = 1D6D848629130564006FAA82 /* popup */; };
		1D6D848D29130564006FAA82 /* background.js in Resources */ = {isa = PBXBuildFile; fileRef = 1D6D848729130564006FAA82 /* background.js */; };
		1D6D848E29130564006FAA82 /* _metadata in Resources */ = {isa = PBXBuildFile; fileRef = 1D6D848829130564006FAA82 /* _metadata */; };
		1D6D848F29130564006FAA82 /* icons in Resources */ = {isa = PBXBuildFile; fileRef = 1D6D848929130564006FAA82 /* icons */; };
		1D6D849029130564006FAA82 /* manifest.json in Resources */ = {isa = PBXBuildFile; fileRef = 1D6D848A29130564006FAA82 /* manifest.json */; };
		1D6D849129130564006FAA82 /* content_scripts in Resources */ = {isa = PBXBuildFile; fileRef = 1D6D848B29130564006FAA82 /* content_scripts */; };
		1D6D849229130564006FAA82 /* popup in Resources */ = {isa = PBXBuildFile; fileRef = 1D6D848629130564006FAA82 /* popup */; };
		1D6D849329130564006FAA82 /* background.js in Resources */ = {isa = PBXBuildFile; fileRef = 1D6D848729130564006FAA82 /* background.js */; };
		1D6D849429130564006FAA82 /* _metadata in Resources */ = {isa = PBXBuildFile; fileRef = 1D6D848829130564006FAA82 /* _metadata */; };
		1D6D849529130564006FAA82 /* icons in Resources */ = {isa = PBXBuildFile; fileRef = 1D6D848929130564006FAA82 /* icons */; };
		1D6D849629130564006FAA82 /* manifest.json in Resources */ = {isa = PBXBuildFile; fileRef = 1D6D848A29130564006FAA82 /* manifest.json */; };
		1D6D849729130564006FAA82 /* content_scripts in Resources */ = {isa = PBXBuildFile; fileRef = 1D6D848B29130564006FAA82 /* content_scripts */; };
/* End PBXBuildFile section */

/* Begin PBXContainerItemProxy section */
		1D6D845829130563006FAA82 /* PBXContainerItemProxy */ = {
			isa = PBXContainerItemProxy;
			containerPortal = 1D6D84242913055F006FAA82 /* Project object */;
			proxyType = 1;
			remoteGlobalIDString = 1D6D845529130563006FAA82;
			remoteInfo = "Joplin Web Clipper Extension (iOS)";
		};
		1D6D846229130563006FAA82 /* PBXContainerItemProxy */ = {
			isa = PBXContainerItemProxy;
			containerPortal = 1D6D84242913055F006FAA82 /* Project object */;
			proxyType = 1;
			remoteGlobalIDString = 1D6D845F29130563006FAA82;
			remoteInfo = "Joplin Web Clipper Extension (macOS)";
		};
/* End PBXContainerItemProxy section */

/* Begin PBXCopyFilesBuildPhase section */
		1D6D847A29130563006FAA82 /* Embed App Extensions */ = {
			isa = PBXCopyFilesBuildPhase;
			buildActionMask = 2147483647;
			dstPath = "";
			dstSubfolderSpec = 13;
			files = (
				1D6D845729130563006FAA82 /* Joplin Web Clipper Extension.appex in Embed App Extensions */,
			);
			name = "Embed App Extensions";
			runOnlyForDeploymentPostprocessing = 0;
		};
		1D6D848129130563006FAA82 /* Embed App Extensions */ = {
			isa = PBXCopyFilesBuildPhase;
			buildActionMask = 2147483647;
			dstPath = "";
			dstSubfolderSpec = 13;
			files = (
				1D6D846129130563006FAA82 /* Joplin Web Clipper Extension.appex in Embed App Extensions */,
			);
			name = "Embed App Extensions";
			runOnlyForDeploymentPostprocessing = 0;
		};
/* End PBXCopyFilesBuildPhase section */

/* Begin PBXFileReference section */
		1D6D842B2913055F006FAA82 /* Base */ = {isa = PBXFileReference; lastKnownFileType = text.html; name = Base; path = ../Base.lproj/Main.html; sourceTree = "<group>"; };
		1D6D842C2913055F006FAA82 /* Icon.png */ = {isa = PBXFileReference; lastKnownFileType = image.png; path = Icon.png; sourceTree = "<group>"; };
		1D6D842D2913055F006FAA82 /* Style.css */ = {isa = PBXFileReference; lastKnownFileType = text.css; path = Style.css; sourceTree = "<group>"; };
		1D6D842E2913055F006FAA82 /* Script.js */ = {isa = PBXFileReference; lastKnownFileType = sourcecode.javascript; path = Script.js; sourceTree = "<group>"; };
		1D6D842F2913055F006FAA82 /* ViewController.swift */ = {isa = PBXFileReference; lastKnownFileType = sourcecode.swift; path = ViewController.swift; sourceTree = "<group>"; };
		1D6D843029130563006FAA82 /* Assets.xcassets */ = {isa = PBXFileReference; lastKnownFileType = folder.assetcatalog; path = Assets.xcassets; sourceTree = "<group>"; };
		1D6D843229130563006FAA82 /* SafariWebExtensionHandler.swift */ = {isa = PBXFileReference; lastKnownFileType = sourcecode.swift; path = SafariWebExtensionHandler.swift; sourceTree = "<group>"; };
		1D6D843729130563006FAA82 /* Joplin Web Clipper.app */ = {isa = PBXFileReference; explicitFileType = wrapper.application; includeInIndex = 0; path = "Joplin Web Clipper.app"; sourceTree = BUILT_PRODUCTS_DIR; };
		1D6D843A29130563006FAA82 /* AppDelegate.swift */ = {isa = PBXFileReference; lastKnownFileType = sourcecode.swift; path = AppDelegate.swift; sourceTree = "<group>"; };
		1D6D843C29130563006FAA82 /* SceneDelegate.swift */ = {isa = PBXFileReference; lastKnownFileType = sourcecode.swift; path = SceneDelegate.swift; sourceTree = "<group>"; };
		1D6D843F29130563006FAA82 /* Base */ = {isa = PBXFileReference; lastKnownFileType = file.storyboard; name = Base; path = Base.lproj/LaunchScreen.storyboard; sourceTree = "<group>"; };
		1D6D844229130563006FAA82 /* Base */ = {isa = PBXFileReference; lastKnownFileType = file.storyboard; name = Base; path = Base.lproj/Main.storyboard; sourceTree = "<group>"; };
		1D6D844429130563006FAA82 /* Info.plist */ = {isa = PBXFileReference; lastKnownFileType = text.plist.xml; path = Info.plist; sourceTree = "<group>"; };
		1D6D844929130563006FAA82 /* Joplin Web Clipper.app */ = {isa = PBXFileReference; explicitFileType = wrapper.application; includeInIndex = 0; path = "Joplin Web Clipper.app"; sourceTree = BUILT_PRODUCTS_DIR; };
		1D6D844B29130563006FAA82 /* AppDelegate.swift */ = {isa = PBXFileReference; lastKnownFileType = sourcecode.swift; path = AppDelegate.swift; sourceTree = "<group>"; };
		1D6D844E29130563006FAA82 /* Base */ = {isa = PBXFileReference; lastKnownFileType = file.storyboard; name = Base; path = Base.lproj/Main.storyboard; sourceTree = "<group>"; };
		1D6D845029130563006FAA82 /* Info.plist */ = {isa = PBXFileReference; lastKnownFileType = text.plist.xml; path = Info.plist; sourceTree = "<group>"; };
		1D6D845129130563006FAA82 /* Joplin Web Clipper.entitlements */ = {isa = PBXFileReference; lastKnownFileType = text.plist.entitlements; path = "Joplin Web Clipper.entitlements"; sourceTree = "<group>"; };
		1D6D845629130563006FAA82 /* Joplin Web Clipper Extension.appex */ = {isa = PBXFileReference; explicitFileType = "wrapper.app-extension"; includeInIndex = 0; path = "Joplin Web Clipper Extension.appex"; sourceTree = BUILT_PRODUCTS_DIR; };
		1D6D845B29130563006FAA82 /* Info.plist */ = {isa = PBXFileReference; lastKnownFileType = text.plist.xml; path = Info.plist; sourceTree = "<group>"; };
		1D6D846029130563006FAA82 /* Joplin Web Clipper Extension.appex */ = {isa = PBXFileReference; explicitFileType = "wrapper.app-extension"; includeInIndex = 0; path = "Joplin Web Clipper Extension.appex"; sourceTree = BUILT_PRODUCTS_DIR; };
		1D6D846529130563006FAA82 /* Info.plist */ = {isa = PBXFileReference; lastKnownFileType = text.plist.xml; path = Info.plist; sourceTree = "<group>"; };
		1D6D846629130563006FAA82 /* Joplin Web Clipper.entitlements */ = {isa = PBXFileReference; lastKnownFileType = text.plist.entitlements; path = "Joplin Web Clipper.entitlements"; sourceTree = "<group>"; };
		1D6D848629130564006FAA82 /* popup */ = {isa = PBXFileReference; lastKnownFileType = folder; name = popup; path = "../alofnhikmmkdbbbgpnglcpdollgjjfek/2.8.1_0/popup"; sourceTree = "<group>"; };
		1D6D848729130564006FAA82 /* background.js */ = {isa = PBXFileReference; lastKnownFileType = sourcecode.javascript; name = background.js; path = "../alofnhikmmkdbbbgpnglcpdollgjjfek/2.8.1_0/background.js"; sourceTree = "<group>"; };
		1D6D848829130564006FAA82 /* _metadata */ = {isa = PBXFileReference; lastKnownFileType = folder; name = _metadata; path = "../alofnhikmmkdbbbgpnglcpdollgjjfek/2.8.1_0/_metadata"; sourceTree = "<group>"; };
		1D6D848929130564006FAA82 /* icons */ = {isa = PBXFileReference; lastKnownFileType = folder; name = icons; path = "../alofnhikmmkdbbbgpnglcpdollgjjfek/2.8.1_0/icons"; sourceTree = "<group>"; };
		1D6D848A29130564006FAA82 /* manifest.json */ = {isa = PBXFileReference; lastKnownFileType = text.json; name = manifest.json; path = "../alofnhikmmkdbbbgpnglcpdollgjjfek/2.8.1_0/manifest.json"; sourceTree = "<group>"; };
		1D6D848B29130564006FAA82 /* content_scripts */ = {isa = PBXFileReference; lastKnownFileType = folder; name = content_scripts; path = "../alofnhikmmkdbbbgpnglcpdollgjjfek/2.8.1_0/content_scripts"; sourceTree = "<group>"; };
/* End PBXFileReference section */

/* Begin PBXFrameworksBuildPhase section */
		1D6D843429130563006FAA82 /* Frameworks */ = {
			isa = PBXFrameworksBuildPhase;
			buildActionMask = 2147483647;
			files = (
			);
			runOnlyForDeploymentPostprocessing = 0;
		};
		1D6D844629130563006FAA82 /* Frameworks */ = {
			isa = PBXFrameworksBuildPhase;
			buildActionMask = 2147483647;
			files = (
			);
			runOnlyForDeploymentPostprocessing = 0;
		};
		1D6D845329130563006FAA82 /* Frameworks */ = {
			isa = PBXFrameworksBuildPhase;
			buildActionMask = 2147483647;
			files = (
			);
			runOnlyForDeploymentPostprocessing = 0;
		};
		1D6D845D29130563006FAA82 /* Frameworks */ = {
			isa = PBXFrameworksBuildPhase;
			buildActionMask = 2147483647;
			files = (
			);
			runOnlyForDeploymentPostprocessing = 0;
		};
/* End PBXFrameworksBuildPhase section */

/* Begin PBXGroup section */
		1D6D84232913055F006FAA82 = {
			isa = PBXGroup;
			children = (
				1D6D84282913055F006FAA82 /* Shared (App) */,
				1D6D843129130563006FAA82 /* Shared (Extension) */,
				1D6D843929130563006FAA82 /* iOS (App) */,
				1D6D844A29130563006FAA82 /* macOS (App) */,
				1D6D845A29130563006FAA82 /* iOS (Extension) */,
				1D6D846429130563006FAA82 /* macOS (Extension) */,
				1D6D843829130563006FAA82 /* Products */,
			);
			sourceTree = "<group>";
		};
		1D6D84282913055F006FAA82 /* Shared (App) */ = {
			isa = PBXGroup;
			children = (
				1D6D842F2913055F006FAA82 /* ViewController.swift */,
				1D6D843029130563006FAA82 /* Assets.xcassets */,
				1D6D84292913055F006FAA82 /* Resources */,
			);
			path = "Shared (App)";
			sourceTree = "<group>";
		};
		1D6D84292913055F006FAA82 /* Resources */ = {
			isa = PBXGroup;
			children = (
				1D6D842A2913055F006FAA82 /* Main.html */,
				1D6D842C2913055F006FAA82 /* Icon.png */,
				1D6D842D2913055F006FAA82 /* Style.css */,
				1D6D842E2913055F006FAA82 /* Script.js */,
			);
			path = Resources;
			sourceTree = "<group>";
		};
		1D6D843129130563006FAA82 /* Shared (Extension) */ = {
			isa = PBXGroup;
			children = (
				1D6D848529130564006FAA82 /* Resources */,
				1D6D843229130563006FAA82 /* SafariWebExtensionHandler.swift */,
			);
			path = "Shared (Extension)";
			sourceTree = "<group>";
		};
		1D6D843829130563006FAA82 /* Products */ = {
			isa = PBXGroup;
			children = (
				1D6D843729130563006FAA82 /* Joplin Web Clipper.app */,
				1D6D844929130563006FAA82 /* Joplin Web Clipper.app */,
				1D6D845629130563006FAA82 /* Joplin Web Clipper Extension.appex */,
				1D6D846029130563006FAA82 /* Joplin Web Clipper Extension.appex */,
			);
			name = Products;
			sourceTree = "<group>";
		};
		1D6D843929130563006FAA82 /* iOS (App) */ = {
			isa = PBXGroup;
			children = (
				1D6D843A29130563006FAA82 /* AppDelegate.swift */,
				1D6D843C29130563006FAA82 /* SceneDelegate.swift */,
				1D6D843E29130563006FAA82 /* LaunchScreen.storyboard */,
				1D6D844129130563006FAA82 /* Main.storyboard */,
				1D6D844429130563006FAA82 /* Info.plist */,
			);
			path = "iOS (App)";
			sourceTree = "<group>";
		};
		1D6D844A29130563006FAA82 /* macOS (App) */ = {
			isa = PBXGroup;
			children = (
				1D6D844B29130563006FAA82 /* AppDelegate.swift */,
				1D6D844D29130563006FAA82 /* Main.storyboard */,
				1D6D845029130563006FAA82 /* Info.plist */,
				1D6D845129130563006FAA82 /* Joplin Web Clipper.entitlements */,
			);
			path = "macOS (App)";
			sourceTree = "<group>";
		};
		1D6D845A29130563006FAA82 /* iOS (Extension) */ = {
			isa = PBXGroup;
			children = (
				1D6D845B29130563006FAA82 /* Info.plist */,
			);
			path = "iOS (Extension)";
			sourceTree = "<group>";
		};
		1D6D846429130563006FAA82 /* macOS (Extension) */ = {
			isa = PBXGroup;
			children = (
				1D6D846529130563006FAA82 /* Info.plist */,
				1D6D846629130563006FAA82 /* Joplin Web Clipper.entitlements */,
			);
			path = "macOS (Extension)";
			sourceTree = "<group>";
		};
		1D6D848529130564006FAA82 /* Resources */ = {
			isa = PBXGroup;
			children = (
				1D6D848629130564006FAA82 /* popup */,
				1D6D848729130564006FAA82 /* background.js */,
				1D6D848829130564006FAA82 /* _metadata */,
				1D6D848929130564006FAA82 /* icons */,
				1D6D848A29130564006FAA82 /* manifest.json */,
				1D6D848B29130564006FAA82 /* content_scripts */,
			);
			name = Resources;
			path = "Shared (Extension)";
			sourceTree = SOURCE_ROOT;
		};
/* End PBXGroup section */

/* Begin PBXNativeTarget section */
		1D6D843629130563006FAA82 /* Joplin Web Clipper (iOS) */ = {
			isa = PBXNativeTarget;
			buildConfigurationList = 1D6D847B29130563006FAA82 /* Build configuration list for PBXNativeTarget "Joplin Web Clipper (iOS)" */;
			buildPhases = (
				1D6D843329130563006FAA82 /* Sources */,
				1D6D843429130563006FAA82 /* Frameworks */,
				1D6D843529130563006FAA82 /* Resources */,
				1D6D847A29130563006FAA82 /* Embed App Extensions */,
			);
			buildRules = (
			);
			dependencies = (
				1D6D845929130563006FAA82 /* PBXTargetDependency */,
			);
			name = "Joplin Web Clipper (iOS)";
			productName = "Joplin Web Clipper (iOS)";
			productReference = 1D6D843729130563006FAA82 /* Joplin Web Clipper.app */;
			productType = "com.apple.product-type.application";
		};
		1D6D844829130563006FAA82 /* Joplin Web Clipper (macOS) */ = {
			isa = PBXNativeTarget;
			buildConfigurationList = 1D6D848229130563006FAA82 /* Build configuration list for PBXNativeTarget "Joplin Web Clipper (macOS)" */;
			buildPhases = (
				1D6D844529130563006FAA82 /* Sources */,
				1D6D844629130563006FAA82 /* Frameworks */,
				1D6D844729130563006FAA82 /* Resources */,
				1D6D848129130563006FAA82 /* Embed App Extensions */,
			);
			buildRules = (
			);
			dependencies = (
				1D6D846329130563006FAA82 /* PBXTargetDependency */,
			);
			name = "Joplin Web Clipper (macOS)";
			productName = "Joplin Web Clipper (macOS)";
			productReference = 1D6D844929130563006FAA82 /* Joplin Web Clipper.app */;
			productType = "com.apple.product-type.application";
		};
		1D6D845529130563006FAA82 /* Joplin Web Clipper Extension (iOS) */ = {
			isa = PBXNativeTarget;
			buildConfigurationList = 1D6D847729130563006FAA82 /* Build configuration list for PBXNativeTarget "Joplin Web Clipper Extension (iOS)" */;
			buildPhases = (
				1D6D845229130563006FAA82 /* Sources */,
				1D6D845329130563006FAA82 /* Frameworks */,
				1D6D845429130563006FAA82 /* Resources */,
			);
			buildRules = (
			);
			dependencies = (
			);
			name = "Joplin Web Clipper Extension (iOS)";
			productName = "Joplin Web Clipper Extension (iOS)";
			productReference = 1D6D845629130563006FAA82 /* Joplin Web Clipper Extension.appex */;
			productType = "com.apple.product-type.app-extension";
		};
		1D6D845F29130563006FAA82 /* Joplin Web Clipper Extension (macOS) */ = {
			isa = PBXNativeTarget;
			buildConfigurationList = 1D6D847E29130563006FAA82 /* Build configuration list for PBXNativeTarget "Joplin Web Clipper Extension (macOS)" */;
			buildPhases = (
				1D6D845C29130563006FAA82 /* Sources */,
				1D6D845D29130563006FAA82 /* Frameworks */,
				1D6D845E29130563006FAA82 /* Resources */,
			);
			buildRules = (
			);
			dependencies = (
			);
			name = "Joplin Web Clipper Extension (macOS)";
			productName = "Joplin Web Clipper Extension (macOS)";
			productReference = 1D6D846029130563006FAA82 /* Joplin Web Clipper Extension.appex */;
			productType = "com.apple.product-type.app-extension";
		};
/* End PBXNativeTarget section */

/* Begin PBXProject section */
		1D6D84242913055F006FAA82 /* Project object */ = {
			isa = PBXProject;
			attributes = {
				BuildIndependentTargetsInParallel = 1;
				LastSwiftUpdateCheck = 1340;
				LastUpgradeCheck = 1340;
				TargetAttributes = {
					1D6D843629130563006FAA82 = {
						CreatedOnToolsVersion = 13.4.1;
					};
					1D6D844829130563006FAA82 = {
						CreatedOnToolsVersion = 13.4.1;
					};
					1D6D845529130563006FAA82 = {
						CreatedOnToolsVersion = 13.4.1;
					};
					1D6D845F29130563006FAA82 = {
						CreatedOnToolsVersion = 13.4.1;
					};
				};
			};
			buildConfigurationList = 1D6D84272913055F006FAA82 /* Build configuration list for PBXProject "Joplin Web Clipper" */;
			compatibilityVersion = "Xcode 13.0";
			developmentRegion = en;
			hasScannedForEncodings = 0;
			knownRegions = (
				en,
				Base,
			);
			mainGroup = 1D6D84232913055F006FAA82;
			productRefGroup = 1D6D843829130563006FAA82 /* Products */;
			projectDirPath = "";
			projectRoot = "";
			targets = (
				1D6D843629130563006FAA82 /* Joplin Web Clipper (iOS) */,
				1D6D844829130563006FAA82 /* Joplin Web Clipper (macOS) */,
				1D6D845529130563006FAA82 /* Joplin Web Clipper Extension (iOS) */,
				1D6D845F29130563006FAA82 /* Joplin Web Clipper Extension (macOS) */,
			);
		};
/* End PBXProject section */

/* Begin PBXResourcesBuildPhase section */
		1D6D843529130563006FAA82 /* Resources */ = {
			isa = PBXResourcesBuildPhase;
			buildActionMask = 2147483647;
			files = (
				1D6D846929130563006FAA82 /* Icon.png in Resources */,
				1D6D844029130563006FAA82 /* LaunchScreen.storyboard in Resources */,
				1D6D846729130563006FAA82 /* Main.html in Resources */,
				1D6D846D29130563006FAA82 /* Script.js in Resources */,
				1D6D847129130563006FAA82 /* Assets.xcassets in Resources */,
				1D6D844329130563006FAA82 /* Main.storyboard in Resources */,
				1D6D846B29130563006FAA82 /* Style.css in Resources */,
			);
			runOnlyForDeploymentPostprocessing = 0;
		};
		1D6D844729130563006FAA82 /* Resources */ = {
			isa = PBXResourcesBuildPhase;
			buildActionMask = 2147483647;
			files = (
				1D6D846A29130563006FAA82 /* Icon.png in Resources */,
				1D6D846C29130563006FAA82 /* Style.css in Resources */,
				1D6D844F29130563006FAA82 /* Main.storyboard in Resources */,
				1D6D846E29130563006FAA82 /* Script.js in Resources */,
				1D6D847229130563006FAA82 /* Assets.xcassets in Resources */,
				1D6D846829130563006FAA82 /* Main.html in Resources */,
			);
			runOnlyForDeploymentPostprocessing = 0;
		};
		1D6D845429130563006FAA82 /* Resources */ = {
			isa = PBXResourcesBuildPhase;
			buildActionMask = 2147483647;
			files = (
				1D6D849429130564006FAA82 /* _metadata in Resources */,
				1D6D849529130564006FAA82 /* icons in Resources */,
				1D6D849629130564006FAA82 /* manifest.json in Resources */,
				1D6D849329130564006FAA82 /* background.js in Resources */,
				1D6D849229130564006FAA82 /* popup in Resources */,
				1D6D849729130564006FAA82 /* content_scripts in Resources */,
			);
			runOnlyForDeploymentPostprocessing = 0;
		};
		1D6D845E29130563006FAA82 /* Resources */ = {
			isa = PBXResourcesBuildPhase;
			buildActionMask = 2147483647;
			files = (
				1D6D848E29130564006FAA82 /* _metadata in Resources */,
				1D6D848F29130564006FAA82 /* icons in Resources */,
				1D6D849029130564006FAA82 /* manifest.json in Resources */,
				1D6D848D29130564006FAA82 /* background.js in Resources */,
				1D6D848C29130564006FAA82 /* popup in Resources */,
				1D6D849129130564006FAA82 /* content_scripts in Resources */,
			);
			runOnlyForDeploymentPostprocessing = 0;
		};
/* End PBXResourcesBuildPhase section */

/* Begin PBXSourcesBuildPhase section */
		1D6D843329130563006FAA82 /* Sources */ = {
			isa = PBXSourcesBuildPhase;
			buildActionMask = 2147483647;
			files = (
				1D6D846F29130563006FAA82 /* ViewController.swift in Sources */,
				1D6D843B29130563006FAA82 /* AppDelegate.swift in Sources */,
				1D6D843D29130563006FAA82 /* SceneDelegate.swift in Sources */,
			);
			runOnlyForDeploymentPostprocessing = 0;
		};
		1D6D844529130563006FAA82 /* Sources */ = {
			isa = PBXSourcesBuildPhase;
			buildActionMask = 2147483647;
			files = (
				1D6D847029130563006FAA82 /* ViewController.swift in Sources */,
				1D6D844C29130563006FAA82 /* AppDelegate.swift in Sources */,
			);
			runOnlyForDeploymentPostprocessing = 0;
		};
		1D6D845229130563006FAA82 /* Sources */ = {
			isa = PBXSourcesBuildPhase;
			buildActionMask = 2147483647;
			files = (
				1D6D847329130563006FAA82 /* SafariWebExtensionHandler.swift in Sources */,
			);
			runOnlyForDeploymentPostprocessing = 0;
		};
		1D6D845C29130563006FAA82 /* Sources */ = {
			isa = PBXSourcesBuildPhase;
			buildActionMask = 2147483647;
			files = (
				1D6D847429130563006FAA82 /* SafariWebExtensionHandler.swift in Sources */,
			);
			runOnlyForDeploymentPostprocessing = 0;
		};
/* End PBXSourcesBuildPhase section */

/* Begin PBXTargetDependency section */
		1D6D845929130563006FAA82 /* PBXTargetDependency */ = {
			isa = PBXTargetDependency;
			target = 1D6D845529130563006FAA82 /* Joplin Web Clipper Extension (iOS) */;
			targetProxy = 1D6D845829130563006FAA82 /* PBXContainerItemProxy */;
		};
		1D6D846329130563006FAA82 /* PBXTargetDependency */ = {
			isa = PBXTargetDependency;
			target = 1D6D845F29130563006FAA82 /* Joplin Web Clipper Extension (macOS) */;
			targetProxy = 1D6D846229130563006FAA82 /* PBXContainerItemProxy */;
		};
/* End PBXTargetDependency section */

/* Begin PBXVariantGroup section */
		1D6D842A2913055F006FAA82 /* Main.html */ = {
			isa = PBXVariantGroup;
			children = (
				1D6D842B2913055F006FAA82 /* Base */,
			);
			name = Main.html;
			sourceTree = "<group>";
		};
		1D6D843E29130563006FAA82 /* LaunchScreen.storyboard */ = {
			isa = PBXVariantGroup;
			children = (
				1D6D843F29130563006FAA82 /* Base */,
			);
			name = LaunchScreen.storyboard;
			sourceTree = "<group>";
		};
		1D6D844129130563006FAA82 /* Main.storyboard */ = {
			isa = PBXVariantGroup;
			children = (
				1D6D844229130563006FAA82 /* Base */,
			);
			name = Main.storyboard;
			sourceTree = "<group>";
		};
		1D6D844D29130563006FAA82 /* Main.storyboard */ = {
			isa = PBXVariantGroup;
			children = (
				1D6D844E29130563006FAA82 /* Base */,
			);
			name = Main.storyboard;
			sourceTree = "<group>";
		};
/* End PBXVariantGroup section */

/* Begin XCBuildConfiguration section */
		1D6D847529130563006FAA82 /* Debug */ = {
			isa = XCBuildConfiguration;
			buildSettings = {
				ALWAYS_SEARCH_USER_PATHS = NO;
				CLANG_ANALYZER_NONNULL = YES;
				CLANG_ANALYZER_NUMBER_OBJECT_CONVERSION = YES_AGGRESSIVE;
				CLANG_CXX_LANGUAGE_STANDARD = "gnu++17";
				CLANG_ENABLE_MODULES = YES;
				CLANG_ENABLE_OBJC_ARC = YES;
				CLANG_ENABLE_OBJC_WEAK = YES;
				CLANG_WARN_BLOCK_CAPTURE_AUTORELEASING = YES;
				CLANG_WARN_BOOL_CONVERSION = YES;
				CLANG_WARN_COMMA = YES;
				CLANG_WARN_CONSTANT_CONVERSION = YES;
				CLANG_WARN_DEPRECATED_OBJC_IMPLEMENTATIONS = YES;
				CLANG_WARN_DIRECT_OBJC_ISA_USAGE = YES_ERROR;
				CLANG_WARN_DOCUMENTATION_COMMENTS = YES;
				CLANG_WARN_EMPTY_BODY = YES;
				CLANG_WARN_ENUM_CONVERSION = YES;
				CLANG_WARN_INFINITE_RECURSION = YES;
				CLANG_WARN_INT_CONVERSION = YES;
				CLANG_WARN_NON_LITERAL_NULL_CONVERSION = YES;
				CLANG_WARN_OBJC_IMPLICIT_RETAIN_SELF = YES;
				CLANG_WARN_OBJC_LITERAL_CONVERSION = YES;
				CLANG_WARN_OBJC_ROOT_CLASS = YES_ERROR;
				CLANG_WARN_QUOTED_INCLUDE_IN_FRAMEWORK_HEADER = YES;
				CLANG_WARN_RANGE_LOOP_ANALYSIS = YES;
				CLANG_WARN_STRICT_PROTOTYPES = YES;
				CLANG_WARN_SUSPICIOUS_MOVE = YES;
				CLANG_WARN_UNGUARDED_AVAILABILITY = YES_AGGRESSIVE;
				CLANG_WARN_UNREACHABLE_CODE = YES;
				CLANG_WARN__DUPLICATE_METHOD_MATCH = YES;
				COPY_PHASE_STRIP = NO;
				DEBUG_INFORMATION_FORMAT = dwarf;
				ENABLE_STRICT_OBJC_MSGSEND = YES;
				ENABLE_TESTABILITY = YES;
				GCC_C_LANGUAGE_STANDARD = gnu11;
				GCC_DYNAMIC_NO_PIC = NO;
				GCC_NO_COMMON_BLOCKS = YES;
				GCC_OPTIMIZATION_LEVEL = 0;
				GCC_PREPROCESSOR_DEFINITIONS = (
					"DEBUG=1",
					"$(inherited)",
				);
				GCC_WARN_64_TO_32_BIT_CONVERSION = YES;
				GCC_WARN_ABOUT_RETURN_TYPE = YES_ERROR;
				GCC_WARN_UNDECLARED_SELECTOR = YES;
				GCC_WARN_UNINITIALIZED_AUTOS = YES_AGGRESSIVE;
				GCC_WARN_UNUSED_FUNCTION = YES;
				GCC_WARN_UNUSED_VARIABLE = YES;
				MTL_ENABLE_DEBUG_INFO = INCLUDE_SOURCE;
				MTL_FAST_MATH = YES;
				ONLY_ACTIVE_ARCH = YES;
				SWIFT_ACTIVE_COMPILATION_CONDITIONS = DEBUG;
				SWIFT_OPTIMIZATION_LEVEL = "-Onone";
			};
			name = Debug;
		};
		1D6D847629130563006FAA82 /* Release */ = {
			isa = XCBuildConfiguration;
			buildSettings = {
				ALWAYS_SEARCH_USER_PATHS = NO;
				CLANG_ANALYZER_NONNULL = YES;
				CLANG_ANALYZER_NUMBER_OBJECT_CONVERSION = YES_AGGRESSIVE;
				CLANG_CXX_LANGUAGE_STANDARD = "gnu++17";
				CLANG_ENABLE_MODULES = YES;
				CLANG_ENABLE_OBJC_ARC = YES;
				CLANG_ENABLE_OBJC_WEAK = YES;
				CLANG_WARN_BLOCK_CAPTURE_AUTORELEASING = YES;
				CLANG_WARN_BOOL_CONVERSION = YES;
				CLANG_WARN_COMMA = YES;
				CLANG_WARN_CONSTANT_CONVERSION = YES;
				CLANG_WARN_DEPRECATED_OBJC_IMPLEMENTATIONS = YES;
				CLANG_WARN_DIRECT_OBJC_ISA_USAGE = YES_ERROR;
				CLANG_WARN_DOCUMENTATION_COMMENTS = YES;
				CLANG_WARN_EMPTY_BODY = YES;
				CLANG_WARN_ENUM_CONVERSION = YES;
				CLANG_WARN_INFINITE_RECURSION = YES;
				CLANG_WARN_INT_CONVERSION = YES;
				CLANG_WARN_NON_LITERAL_NULL_CONVERSION = YES;
				CLANG_WARN_OBJC_IMPLICIT_RETAIN_SELF = YES;
				CLANG_WARN_OBJC_LITERAL_CONVERSION = YES;
				CLANG_WARN_OBJC_ROOT_CLASS = YES_ERROR;
				CLANG_WARN_QUOTED_INCLUDE_IN_FRAMEWORK_HEADER = YES;
				CLANG_WARN_RANGE_LOOP_ANALYSIS = YES;
				CLANG_WARN_STRICT_PROTOTYPES = YES;
				CLANG_WARN_SUSPICIOUS_MOVE = YES;
				CLANG_WARN_UNGUARDED_AVAILABILITY = YES_AGGRESSIVE;
				CLANG_WARN_UNREACHABLE_CODE = YES;
				CLANG_WARN__DUPLICATE_METHOD_MATCH = YES;
				COPY_PHASE_STRIP = NO;
				DEBUG_INFORMATION_FORMAT = "dwarf-with-dsym";
				ENABLE_NS_ASSERTIONS = NO;
				ENABLE_STRICT_OBJC_MSGSEND = YES;
				GCC_C_LANGUAGE_STANDARD = gnu11;
				GCC_NO_COMMON_BLOCKS = YES;
				GCC_WARN_64_TO_32_BIT_CONVERSION = YES;
				GCC_WARN_ABOUT_RETURN_TYPE = YES_ERROR;
				GCC_WARN_UNDECLARED_SELECTOR = YES;
				GCC_WARN_UNINITIALIZED_AUTOS = YES_AGGRESSIVE;
				GCC_WARN_UNUSED_FUNCTION = YES;
				GCC_WARN_UNUSED_VARIABLE = YES;
				MTL_ENABLE_DEBUG_INFO = NO;
				MTL_FAST_MATH = YES;
				SWIFT_COMPILATION_MODE = wholemodule;
				SWIFT_OPTIMIZATION_LEVEL = "-O";
			};
			name = Release;
		};
		1D6D847829130563006FAA82 /* Debug */ = {
			isa = XCBuildConfiguration;
			buildSettings = {
				CODE_SIGN_STYLE = Automatic;
				CURRENT_PROJECT_VERSION = 1;
				GENERATE_INFOPLIST_FILE = YES;
				INFOPLIST_FILE = "iOS (Extension)/Info.plist";
				INFOPLIST_KEY_CFBundleDisplayName = "Joplin Web Clipper Extension";
				INFOPLIST_KEY_NSHumanReadableCopyright = "";
				IPHONEOS_DEPLOYMENT_TARGET = 15.0;
				LD_RUNPATH_SEARCH_PATHS = (
					"$(inherited)",
					"@executable_path/Frameworks",
					"@executable_path/../../Frameworks",
				);
				MARKETING_VERSION = 1.0;
				OTHER_LDFLAGS = (
					"-framework",
					SafariServices,
				);
				PRODUCT_BUNDLE_IDENTIFIER = "org.joplinapp.Joplin-Web-Clipper.Extension";
				PRODUCT_NAME = "Joplin Web Clipper Extension";
				SDKROOT = iphoneos;
				SKIP_INSTALL = YES;
				SWIFT_EMIT_LOC_STRINGS = YES;
				SWIFT_VERSION = 5.0;
				TARGETED_DEVICE_FAMILY = "1,2";
			};
			name = Debug;
		};
		1D6D847929130563006FAA82 /* Release */ = {
			isa = XCBuildConfiguration;
			buildSettings = {
				CODE_SIGN_STYLE = Automatic;
				CURRENT_PROJECT_VERSION = 1;
				GENERATE_INFOPLIST_FILE = YES;
				INFOPLIST_FILE = "iOS (Extension)/Info.plist";
				INFOPLIST_KEY_CFBundleDisplayName = "Joplin Web Clipper Extension";
				INFOPLIST_KEY_NSHumanReadableCopyright = "";
				IPHONEOS_DEPLOYMENT_TARGET = 15.0;
				LD_RUNPATH_SEARCH_PATHS = (
					"$(inherited)",
					"@executable_path/Frameworks",
					"@executable_path/../../Frameworks",
				);
				MARKETING_VERSION = 1.0;
				OTHER_LDFLAGS = (
					"-framework",
					SafariServices,
				);
				PRODUCT_BUNDLE_IDENTIFIER = "org.joplinapp.Joplin-Web-Clipper.Extension";
				PRODUCT_NAME = "Joplin Web Clipper Extension";
				SDKROOT = iphoneos;
				SKIP_INSTALL = YES;
				SWIFT_EMIT_LOC_STRINGS = YES;
				SWIFT_VERSION = 5.0;
				TARGETED_DEVICE_FAMILY = "1,2";
				VALIDATE_PRODUCT = YES;
			};
			name = Release;
		};
		1D6D847C29130563006FAA82 /* Debug */ = {
			isa = XCBuildConfiguration;
			buildSettings = {
				ALWAYS_EMBED_SWIFT_STANDARD_LIBRARIES = YES;
				ASSETCATALOG_COMPILER_APPICON_NAME = AppIcon;
				ASSETCATALOG_COMPILER_GLOBAL_ACCENT_COLOR_NAME = AccentColor;
				CODE_SIGN_STYLE = Automatic;
				CURRENT_PROJECT_VERSION = 1;
				GENERATE_INFOPLIST_FILE = YES;
				INFOPLIST_FILE = "iOS (App)/Info.plist";
				INFOPLIST_KEY_CFBundleDisplayName = "Joplin Web Clipper";
				INFOPLIST_KEY_UIApplicationSupportsIndirectInputEvents = YES;
				INFOPLIST_KEY_UILaunchStoryboardName = LaunchScreen;
				INFOPLIST_KEY_UIMainStoryboardFile = Main;
				INFOPLIST_KEY_UISupportedInterfaceOrientations = "UIInterfaceOrientationPortrait UIInterfaceOrientationLandscapeLeft UIInterfaceOrientationLandscapeRight";
				INFOPLIST_KEY_UISupportedInterfaceOrientations_iPad = "UIInterfaceOrientationPortrait UIInterfaceOrientationPortraitUpsideDown UIInterfaceOrientationLandscapeLeft UIInterfaceOrientationLandscapeRight";
				IPHONEOS_DEPLOYMENT_TARGET = 15.0;
				LD_RUNPATH_SEARCH_PATHS = (
					"$(inherited)",
					"@executable_path/Frameworks",
				);
				MARKETING_VERSION = 1.0;
				OTHER_LDFLAGS = (
					"-framework",
					SafariServices,
					"-framework",
					WebKit,
				);
				PRODUCT_BUNDLE_IDENTIFIER = "org.joplinapp.Joplin-Web-Clipper";
				PRODUCT_NAME = "Joplin Web Clipper";
				SDKROOT = iphoneos;
				SWIFT_EMIT_LOC_STRINGS = YES;
				SWIFT_VERSION = 5.0;
				TARGETED_DEVICE_FAMILY = "1,2";
			};
			name = Debug;
		};
		1D6D847D29130563006FAA82 /* Release */ = {
			isa = XCBuildConfiguration;
			buildSettings = {
				ALWAYS_EMBED_SWIFT_STANDARD_LIBRARIES = YES;
				ASSETCATALOG_COMPILER_APPICON_NAME = AppIcon;
				ASSETCATALOG_COMPILER_GLOBAL_ACCENT_COLOR_NAME = AccentColor;
				CODE_SIGN_STYLE = Automatic;
				CURRENT_PROJECT_VERSION = 1;
				GENERATE_INFOPLIST_FILE = YES;
				INFOPLIST_FILE = "iOS (App)/Info.plist";
				INFOPLIST_KEY_CFBundleDisplayName = "Joplin Web Clipper";
				INFOPLIST_KEY_UIApplicationSupportsIndirectInputEvents = YES;
				INFOPLIST_KEY_UILaunchStoryboardName = LaunchScreen;
				INFOPLIST_KEY_UIMainStoryboardFile = Main;
				INFOPLIST_KEY_UISupportedInterfaceOrientations = "UIInterfaceOrientationPortrait UIInterfaceOrientationLandscapeLeft UIInterfaceOrientationLandscapeRight";
				INFOPLIST_KEY_UISupportedInterfaceOrientations_iPad = "UIInterfaceOrientationPortrait UIInterfaceOrientationPortraitUpsideDown UIInterfaceOrientationLandscapeLeft UIInterfaceOrientationLandscapeRight";
				IPHONEOS_DEPLOYMENT_TARGET = 15.0;
				LD_RUNPATH_SEARCH_PATHS = (
					"$(inherited)",
					"@executable_path/Frameworks",
				);
				MARKETING_VERSION = 1.0;
				OTHER_LDFLAGS = (
					"-framework",
					SafariServices,
					"-framework",
					WebKit,
				);
				PRODUCT_BUNDLE_IDENTIFIER = "org.joplinapp.Joplin-Web-Clipper";
				PRODUCT_NAME = "Joplin Web Clipper";
				SDKROOT = iphoneos;
				SWIFT_EMIT_LOC_STRINGS = YES;
				SWIFT_VERSION = 5.0;
				TARGETED_DEVICE_FAMILY = "1,2";
				VALIDATE_PRODUCT = YES;
			};
			name = Release;
		};
		1D6D847F29130563006FAA82 /* Debug */ = {
			isa = XCBuildConfiguration;
			buildSettings = {
				CODE_SIGN_ENTITLEMENTS = "macOS (Extension)/Joplin Web Clipper.entitlements";
				CODE_SIGN_STYLE = Automatic;
				CURRENT_PROJECT_VERSION = 1;
				ENABLE_HARDENED_RUNTIME = YES;
				GENERATE_INFOPLIST_FILE = YES;
				INFOPLIST_FILE = "macOS (Extension)/Info.plist";
				INFOPLIST_KEY_CFBundleDisplayName = "Joplin Web Clipper Extension";
				INFOPLIST_KEY_NSHumanReadableCopyright = "";
				LD_RUNPATH_SEARCH_PATHS = (
					"$(inherited)",
					"@executable_path/../Frameworks",
					"@executable_path/../../../../Frameworks",
				);
				MACOSX_DEPLOYMENT_TARGET = 10.14;
				MARKETING_VERSION = 1.0;
				OTHER_LDFLAGS = (
					"-framework",
					SafariServices,
				);
				PRODUCT_BUNDLE_IDENTIFIER = "org.joplinapp.Joplin-Web-Clipper.Extension";
				PRODUCT_NAME = "Joplin Web Clipper Extension";
				SDKROOT = macosx;
				SKIP_INSTALL = YES;
				SWIFT_EMIT_LOC_STRINGS = YES;
				SWIFT_VERSION = 5.0;
			};
			name = Debug;
		};
		1D6D848029130563006FAA82 /* Release */ = {
			isa = XCBuildConfiguration;
			buildSettings = {
				CODE_SIGN_ENTITLEMENTS = "macOS (Extension)/Joplin Web Clipper.entitlements";
				CODE_SIGN_STYLE = Automatic;
				CURRENT_PROJECT_VERSION = 1;
				ENABLE_HARDENED_RUNTIME = YES;
				GENERATE_INFOPLIST_FILE = YES;
				INFOPLIST_FILE = "macOS (Extension)/Info.plist";
				INFOPLIST_KEY_CFBundleDisplayName = "Joplin Web Clipper Extension";
				INFOPLIST_KEY_NSHumanReadableCopyright = "";
				LD_RUNPATH_SEARCH_PATHS = (
					"$(inherited)",
					"@executable_path/../Frameworks",
					"@executable_path/../../../../Frameworks",
				);
				MACOSX_DEPLOYMENT_TARGET = 10.14;
				MARKETING_VERSION = 1.0;
				OTHER_LDFLAGS = (
					"-framework",
					SafariServices,
				);
				PRODUCT_BUNDLE_IDENTIFIER = "org.joplinapp.Joplin-Web-Clipper.Extension";
				PRODUCT_NAME = "Joplin Web Clipper Extension";
				SDKROOT = macosx;
				SKIP_INSTALL = YES;
				SWIFT_EMIT_LOC_STRINGS = YES;
				SWIFT_VERSION = 5.0;
			};
			name = Release;
		};
		1D6D848329130563006FAA82 /* Debug */ = {
			isa = XCBuildConfiguration;
			buildSettings = {
				ALWAYS_EMBED_SWIFT_STANDARD_LIBRARIES = YES;
				ASSETCATALOG_COMPILER_APPICON_NAME = AppIcon;
				ASSETCATALOG_COMPILER_GLOBAL_ACCENT_COLOR_NAME = AccentColor;
				CODE_SIGN_ENTITLEMENTS = "macOS (App)/Joplin Web Clipper.entitlements";
				CODE_SIGN_STYLE = Automatic;
				CURRENT_PROJECT_VERSION = 1;
				ENABLE_HARDENED_RUNTIME = YES;
				GENERATE_INFOPLIST_FILE = YES;
				INFOPLIST_FILE = "macOS (App)/Info.plist";
				INFOPLIST_KEY_CFBundleDisplayName = "Joplin Web Clipper";
				INFOPLIST_KEY_NSMainStoryboardFile = Main;
				INFOPLIST_KEY_NSPrincipalClass = NSApplication;
				LD_RUNPATH_SEARCH_PATHS = (
					"$(inherited)",
					"@executable_path/../Frameworks",
				);
				MACOSX_DEPLOYMENT_TARGET = 10.14;
				MARKETING_VERSION = 1.0;
				OTHER_LDFLAGS = (
					"-framework",
					SafariServices,
					"-framework",
					WebKit,
				);
				PRODUCT_BUNDLE_IDENTIFIER = "org.joplinapp.Joplin-Web-Clipper";
				PRODUCT_NAME = "Joplin Web Clipper";
				SDKROOT = macosx;
				SWIFT_EMIT_LOC_STRINGS = YES;
				SWIFT_VERSION = 5.0;
			};
			name = Debug;
		};
		1D6D848429130563006FAA82 /* Release */ = {
			isa = XCBuildConfiguration;
			buildSettings = {
				ALWAYS_EMBED_SWIFT_STANDARD_LIBRARIES = YES;
				ASSETCATALOG_COMPILER_APPICON_NAME = AppIcon;
				ASSETCATALOG_COMPILER_GLOBAL_ACCENT_COLOR_NAME = AccentColor;
				CODE_SIGN_ENTITLEMENTS = "macOS (App)/Joplin Web Clipper.entitlements";
				CODE_SIGN_STYLE = Automatic;
				CURRENT_PROJECT_VERSION = 1;
				ENABLE_HARDENED_RUNTIME = YES;
				GENERATE_INFOPLIST_FILE = YES;
				INFOPLIST_FILE = "macOS (App)/Info.plist";
				INFOPLIST_KEY_CFBundleDisplayName = "Joplin Web Clipper";
				INFOPLIST_KEY_NSMainStoryboardFile = Main;
				INFOPLIST_KEY_NSPrincipalClass = NSApplication;
				LD_RUNPATH_SEARCH_PATHS = (
					"$(inherited)",
					"@executable_path/../Frameworks",
				);
				MACOSX_DEPLOYMENT_TARGET = 10.14;
				MARKETING_VERSION = 1.0;
				OTHER_LDFLAGS = (
					"-framework",
					SafariServices,
					"-framework",
					WebKit,
				);
				PRODUCT_BUNDLE_IDENTIFIER = "org.joplinapp.Joplin-Web-Clipper";
				PRODUCT_NAME = "Joplin Web Clipper";
				SDKROOT = macosx;
				SWIFT_EMIT_LOC_STRINGS = YES;
				SWIFT_VERSION = 5.0;
			};
			name = Release;
		};
/* End XCBuildConfiguration section */

/* Begin XCConfigurationList section */
		1D6D84272913055F006FAA82 /* Build configuration list for PBXProject "Joplin Web Clipper" */ = {
			isa = XCConfigurationList;
			buildConfigurations = (
				1D6D847529130563006FAA82 /* Debug */,
				1D6D847629130563006FAA82 /* Release */,
			);
			defaultConfigurationIsVisible = 0;
			defaultConfigurationName = Release;
		};
		1D6D847729130563006FAA82 /* Build configuration list for PBXNativeTarget "Joplin Web Clipper Extension (iOS)" */ = {
			isa = XCConfigurationList;
			buildConfigurations = (
				1D6D847829130563006FAA82 /* Debug */,
				1D6D847929130563006FAA82 /* Release */,
			);
			defaultConfigurationIsVisible = 0;
			defaultConfigurationName = Release;
		};
		1D6D847B29130563006FAA82 /* Build configuration list for PBXNativeTarget "Joplin Web Clipper (iOS)" */ = {
			isa = XCConfigurationList;
			buildConfigurations = (
				1D6D847C29130563006FAA82 /* Debug */,
				1D6D847D29130563006FAA82 /* Release */,
			);
			defaultConfigurationIsVisible = 0;
			defaultConfigurationName = Release;
		};
		1D6D847E29130563006FAA82 /* Build configuration list for PBXNativeTarget "Joplin Web Clipper Extension (macOS)" */ = {
			isa = XCConfigurationList;
			buildConfigurations = (
				1D6D847F29130563006FAA82 /* Debug */,
				1D6D848029130563006FAA82 /* Release */,
			);
			defaultConfigurationIsVisible = 0;
			defaultConfigurationName = Release;
		};
		1D6D848229130563006FAA82 /* Build configuration list for PBXNativeTarget "Joplin Web Clipper (macOS)" */ = {
			isa = XCConfigurationList;
			buildConfigurations = (
				1D6D848329130563006FAA82 /* Debug */,
				1D6D848429130563006FAA82 /* Release */,
			);
			defaultConfigurationIsVisible = 0;
			defaultConfigurationName = Release;
		};
/* End XCConfigurationList section */
	};
	rootObject = 1D6D84242913055F006FAA82 /* Project object */;
}
